
Microsoft Visual Studio Solution File, Format Version 12.00
# Visual Studio Version 16
VisualStudioVersion = 16.0.31624.102
MinimumVisualStudioVersion = 10.0.40219.1
Project("{F2A71F9B-5D33-465A-A702-920D77279786}") = "Fsharp.Xunit.Theory.MemberData", "Fsharp.Xunit.Theory.MemberData\Fsharp.Xunit.Theory.MemberData.fsproj", "{885ECAB2-21B0-45FB-911C-05174766735B}"
EndProject
Global
	GlobalSection(SolutionConfigurationPlatforms) = preSolution
		Debug|Any CPU = Debug|Any CPU
		Release|Any CPU = Release|Any CPU
	EndGlobalSection
	GlobalSection(ProjectConfigurationPlatforms) = postSolution
		{885ECAB2-21B0-45FB-911C-05174766735B}.Debug|Any CPU.ActiveCfg = Debug|Any CPU
		{885ECAB2-21B0-45FB-911C-05174766735B}.Debug|Any CPU.Build.0 = Debug|Any CPU
		{885ECAB2-21B0-45FB-911C-05174766735B}.Release|Any CPU.ActiveCfg = Release|Any CPU
		{885ECAB2-21B0-45FB-911C-05174766735B}.Release|Any CPU.Build.0 = Release|Any CPU
	EndGlobalSection
	GlobalSection(SolutionProperties) = preSolution
		HideSolutionNode = FALSE
	EndGlobalSection
	GlobalSection(ExtensibilityGlobals) = postSolution
		SolutionGuid = {AAE11184-98B0-4444-92B6-3919CA60DD65}
	EndGlobalSection
EndGlobal
